
Microsoft Visual Studio Solution File, Format Version 12.00
# Visual Studio 15
VisualStudioVersion = 15.0.26403.7
MinimumVisualStudioVersion = 10.0.40219.1
Project("{FAE04EC0-301F-11D3-BF4B-00C04F79EFBC}") = "EFStore", "EFStore\EFStore.csproj", "{EF32A267-7478-401D-B414-2EFC28D4533D}"
EndProject
Project("{FAE04EC0-301F-11D3-BF4B-00C04F79EFBC}") = "StoreDBEF", "StoreDBEF\StoreDBEF.csproj", "{F6574A71-843E-4E3E-93C1-703FDBC14693}"
EndProject
Global
	GlobalSection(SolutionConfigurationPlatforms) = preSolution
		Debug|Any CPU = Debug|Any CPU
		Release|Any CPU = Release|Any CPU
	EndGlobalSection
	GlobalSection(ProjectConfigurationPlatforms) = postSolution
		{EF32A267-7478-401D-B414-2EFC28D4533D}.Debug|Any CPU.ActiveCfg = Debug|Any CPU
		{EF32A267-7478-401D-B414-2EFC28D4533D}.Debug|Any CPU.Build.0 = Debug|Any CPU
		{EF32A267-7478-401D-B414-2EFC28D4533D}.Release|Any CPU.ActiveCfg = Release|Any CPU
		{EF32A267-7478-401D-B414-2EFC28D4533D}.Release|Any CPU.Build.0 = Release|Any CPU
		{F6574A71-843E-4E3E-93C1-703FDBC14693}.Debug|Any CPU.ActiveCfg = Debug|Any CPU
		{F6574A71-843E-4E3E-93C1-703FDBC14693}.Debug|Any CPU.Build.0 = Debug|Any CPU
		{F6574A71-843E-4E3E-93C1-703FDBC14693}.Release|Any CPU.ActiveCfg = Release|Any CPU
		{F6574A71-843E-4E3E-93C1-703FDBC14693}.Release|Any CPU.Build.0 = Release|Any CPU
	EndGlobalSection
	GlobalSection(SolutionProperties) = preSolution
		HideSolutionNode = FALSE
	EndGlobalSection
EndGlobal
